// !$*UTF8*$!
{
	archiveVersion = 1;
	classes = {
	};
	objectVersion = 46;
	objects = {

/* Begin PBXBuildFile section */
		840F6D071F5F9DD000138EF6 /* FoundCollectionViewCell.m in Sources */ = {isa = PBXBuildFile; fileRef = 840F6D061F5F9DD000138EF6 /* FoundCollectionViewCell.m */; };
		8470007E1F5E3C26004350C9 /* UserModel.m in Sources */ = {isa = PBXBuildFile; fileRef = 8470007D1F5E3C26004350C9 /* UserModel.m */; };
		848D3F441F5525310043C9BD /* main.m in Sources */ = {isa = PBXBuildFile; fileRef = 848D3F431F5525310043C9BD /* main.m */; };
		848D3F471F5525310043C9BD /* AppDelegate.m in Sources */ = {isa = PBXBuildFile; fileRef = 848D3F461F5525310043C9BD /* AppDelegate.m */; };
		848D3F501F5525310043C9BD /* convergence.xcdatamodeld in Sources */ = {isa = PBXBuildFile; fileRef = 848D3F4E1F5525310043C9BD /* convergence.xcdatamodeld */; };
		848D3F521F5525310043C9BD /* Assets.xcassets in Resources */ = {isa = PBXBuildFile; fileRef = 848D3F511F5525310043C9BD /* Assets.xcassets */; };
		848D3F551F5525310043C9BD /* LaunchScreen.storyboard in Resources */ = {isa = PBXBuildFile; fileRef = 848D3F531F5525310043C9BD /* LaunchScreen.storyboard */; };
		848D3F601F5525310043C9BD /* convergenceTests.m in Sources */ = {isa = PBXBuildFile; fileRef = 848D3F5F1F5525310043C9BD /* convergenceTests.m */; };
		848D3F6B1F5525310043C9BD /* convergenceUITests.m in Sources */ = {isa = PBXBuildFile; fileRef = 848D3F6A1F5525310043C9BD /* convergenceUITests.m */; };
		848D3F7C1F5526C90043C9BD /* BasicEncodingRules.m in Sources */ = {isa = PBXBuildFile; fileRef = 848D3F7B1F5526C90043C9BD /* BasicEncodingRules.m */; };
		848D3F821F5526DA0043C9BD /* Order.m in Sources */ = {isa = PBXBuildFile; fileRef = 848D3F811F5526DA0043C9BD /* Order.m */; };
		848D3FB01F5526DF0043C9BD /* GBAlipayManager.m in Sources */ = {isa = PBXBuildFile; fileRef = 848D3F871F5526DF0043C9BD /* GBAlipayManager.m */; };
		848D3FB11F5526DF0043C9BD /* base64.m in Sources */ = {isa = PBXBuildFile; fileRef = 848D3F8A1F5526DF0043C9BD /* base64.m */; };
		848D3FB21F5526DF0043C9BD /* DataSigner.m in Sources */ = {isa = PBXBuildFile; fileRef = 848D3F8D1F5526DF0043C9BD /* DataSigner.m */; };
		848D3FB31F5526DF0043C9BD /* DataVerifier.m in Sources */ = {isa = PBXBuildFile; fileRef = 848D3F8F1F5526DF0043C9BD /* DataVerifier.m */; };
		848D3FB41F5526DF0043C9BD /* MD5DataSigner.m in Sources */ = {isa = PBXBuildFile; fileRef = 848D3F911F5526DF0043C9BD /* MD5DataSigner.m */; };
		848D3FB51F5526DF0043C9BD /* NSDataEx.m in Sources */ = {isa = PBXBuildFile; fileRef = 848D3F931F5526DF0043C9BD /* NSDataEx.m */; };
		848D3FB61F5526DF0043C9BD /* openssl_wrapper.m in Sources */ = {isa = PBXBuildFile; fileRef = 848D3F951F5526DF0043C9BD /* openssl_wrapper.m */; };
		848D3FB71F5526DF0043C9BD /* RSADataSigner.m in Sources */ = {isa = PBXBuildFile; fileRef = 848D3F971F5526DF0043C9BD /* RSADataSigner.m */; };
		848D3FB81F5526DF0043C9BD /* RSADataVerifier.m in Sources */ = {isa = PBXBuildFile; fileRef = 848D3F991F5526DF0043C9BD /* RSADataVerifier.m */; };
		848D3FB91F5526DF0043C9BD /* AppAPIClient.m in Sources */ = {isa = PBXBuildFile; fileRef = 848D3F9B1F5526DF0043C9BD /* AppAPIClient.m */; };
		848D3FBA1F5526DF0043C9BD /* ErrorHandler.m in Sources */ = {isa = PBXBuildFile; fileRef = 848D3F9D1F5526DF0043C9BD /* ErrorHandler.m */; };
		848D3FBB1F5526DF0043C9BD /* JSONS.m in Sources */ = {isa = PBXBuildFile; fileRef = 848D3F9F1F5526DF0043C9BD /* JSONS.m */; };
		848D3FBC1F5526DF0043C9BD /* NSData+Base64.m in Sources */ = {isa = PBXBuildFile; fileRef = 848D3FA11F5526DF0043C9BD /* NSData+Base64.m */; };
		848D3FBD1F5526DF0043C9BD /* NSDate+Utility.m in Sources */ = {isa = PBXBuildFile; fileRef = 848D3FA31F5526DF0043C9BD /* NSDate+Utility.m */; };
		848D3FBE1F5526DF0043C9BD /* NSDateFormatter+Category.m in Sources */ = {isa = PBXBuildFile; fileRef = 848D3FA51F5526DF0043C9BD /* NSDateFormatter+Category.m */; };
		848D3FBF1F5526DF0043C9BD /* NSString+Crypt.m in Sources */ = {isa = PBXBuildFile; fileRef = 848D3FA71F5526DF0043C9BD /* NSString+Crypt.m */; };
		848D3FC01F5526DF0043C9BD /* RequestAPI.m in Sources */ = {isa = PBXBuildFile; fileRef = 848D3FA91F5526DF0043C9BD /* RequestAPI.m */; };
		848D3FC11F5526DF0043C9BD /* StorageMgr.m in Sources */ = {isa = PBXBuildFile; fileRef = 848D3FAB1F5526DF0043C9BD /* StorageMgr.m */; };
		848D3FC31F5526DF0043C9BD /* Utilities.m in Sources */ = {isa = PBXBuildFile; fileRef = 848D3FAF1F5526DF0043C9BD /* Utilities.m */; };
		848D3FCA1F5527E00043C9BD /* AlipaySDK.bundle in Frameworks */ = {isa = PBXBuildFile; fileRef = 848D3FC51F5527E00043C9BD /* AlipaySDK.bundle */; };
		848D3FCB1F5527E00043C9BD /* AlipaySDK.framework in Frameworks */ = {isa = PBXBuildFile; fileRef = 848D3FC61F5527E00043C9BD /* AlipaySDK.framework */; };
		848D3FCC1F5527E00043C9BD /* libcrypto.a in Frameworks */ = {isa = PBXBuildFile; fileRef = 848D3FC71F5527E00043C9BD /* libcrypto.a */; };
		848D3FCD1F5527E00043C9BD /* libssl.a in Frameworks */ = {isa = PBXBuildFile; fileRef = 848D3FC81F5527E00043C9BD /* libssl.a */; };
		848D3FCE1F5527E00043C9BD /* Openssl.framework in Frameworks */ = {isa = PBXBuildFile; fileRef = 848D3FC91F5527E00043C9BD /* Openssl.framework */; };
		848D3FD01F5527EC0043C9BD /* CoreTelephony.framework in Frameworks */ = {isa = PBXBuildFile; fileRef = 848D3FCF1F5527EC0043C9BD /* CoreTelephony.framework */; };
		848D3FD21F5527F60043C9BD /* CoreMotion.framework in Frameworks */ = {isa = PBXBuildFile; fileRef = 848D3FD11F5527F60043C9BD /* CoreMotion.framework */; };
		848D3FD41F5527FF0043C9BD /* libz.tbd in Frameworks */ = {isa = PBXBuildFile; fileRef = 848D3FD31F5527FF0043C9BD /* libz.tbd */; };
		84A77A1A1F5FF7DE007067AC /* MyInfoViewController.m in Sources */ = {isa = PBXBuildFile; fileRef = 84A77A191F5FF7DE007067AC /* MyInfoViewController.m */; };
		84A77A1D1F5FF7E5007067AC /* ConvergenceViewController.m in Sources */ = {isa = PBXBuildFile; fileRef = 84A77A1C1F5FF7E5007067AC /* ConvergenceViewController.m */; };
		84A77A201F5FF7EE007067AC /* FoundViewController.m in Sources */ = {isa = PBXBuildFile; fileRef = 84A77A1F1F5FF7EE007067AC /* FoundViewController.m */; };
		84A77A261F5FF99B007067AC /* SignInViewController.m in Sources */ = {isa = PBXBuildFile; fileRef = 84A77A231F5FF99B007067AC /* SignInViewController.m */; };
		84A77A271F5FF99B007067AC /* SignUpViewController.m in Sources */ = {isa = PBXBuildFile; fileRef = 84A77A251F5FF99B007067AC /* SignUpViewController.m */; };
		84A77A2B1F5FFC35007067AC /* LeftViewController.m in Sources */ = {isa = PBXBuildFile; fileRef = 84A77A2A1F5FFC35007067AC /* LeftViewController.m */; };
		84A77A2D1F6003CD007067AC /* Detail.storyboard in Resources */ = {isa = PBXBuildFile; fileRef = 84A77A2C1F6003CD007067AC /* Detail.storyboard */; };
		84A77A301F600747007067AC /* DetailViewController.m in Sources */ = {isa = PBXBuildFile; fileRef = 84A77A2F1F600747007067AC /* DetailViewController.m */; };
		84A77A331F600B20007067AC /* VouchersViewController.m in Sources */ = {isa = PBXBuildFile; fileRef = 84A77A321F600B20007067AC /* VouchersViewController.m */; };
		84A77A351F600EA2007067AC /* Vouchers.storyboard in Resources */ = {isa = PBXBuildFile; fileRef = 84A77A341F600EA2007067AC /* Vouchers.storyboard */; };
		84A77A391F6014FD007067AC /* SettingViewController.m in Sources */ = {isa = PBXBuildFile; fileRef = 84A77A381F6014FD007067AC /* SettingViewController.m */; };
		84A77A3C1F6015B3007067AC /* StetingTableViewCell.m in Sources */ = {isa = PBXBuildFile; fileRef = 84A77A3B1F6015B3007067AC /* StetingTableViewCell.m */; };
		84AB11841F6121E00089C83B /* VouchersModel.m in Sources */ = {isa = PBXBuildFile; fileRef = 84AB11831F6121E00089C83B /* VouchersModel.m */; };
		84B2154C1F615037001A79AB /* MyOrder.storyboard in Resources */ = {isa = PBXBuildFile; fileRef = 84B2154B1F615037001A79AB /* MyOrder.storyboard */; };
		84B2154E1F61506D001A79AB /* Promote.storyboard in Resources */ = {isa = PBXBuildFile; fileRef = 84B2154D1F61506D001A79AB /* Promote.storyboard */; };
		84B215501F6150A6001A79AB /* Feedback.storyboard in Resources */ = {isa = PBXBuildFile; fileRef = 84B2154F1F6150A6001A79AB /* Feedback.storyboard */; };
		84B215521F6150DA001A79AB /* About.storyboard in Resources */ = {isa = PBXBuildFile; fileRef = 84B215511F6150DA001A79AB /* About.storyboard */; };
		84B215551F6153D1001A79AB /* MyOrderViewController.m in Sources */ = {isa = PBXBuildFile; fileRef = 84B215541F6153D1001A79AB /* MyOrderViewController.m */; };
		84B215581F6153F1001A79AB /* PromoteViewController.m in Sources */ = {isa = PBXBuildFile; fileRef = 84B215571F6153F1001A79AB /* PromoteViewController.m */; };
		84B2155B1F615410001A79AB /* FeedbackViewController.m in Sources */ = {isa = PBXBuildFile; fileRef = 84B2155A1F615410001A79AB /* FeedbackViewController.m */; };
		84B2155E1F615427001A79AB /* AboutViewController.m in Sources */ = {isa = PBXBuildFile; fileRef = 84B2155D1F615427001A79AB /* AboutViewController.m */; };
		84B216001F615A23001A79AB /* libiconv.tbd in Frameworks */ = {isa = PBXBuildFile; fileRef = 84B215FF1F615A23001A79AB /* libiconv.tbd */; };
		84B216021F615A34001A79AB /* AVFoundation.framework in Frameworks */ = {isa = PBXBuildFile; fileRef = 84B216011F615A34001A79AB /* AVFoundation.framework */; };
		84B216041F615A41001A79AB /* CoreImage.framework in Frameworks */ = {isa = PBXBuildFile; fileRef = 84B216031F615A41001A79AB /* CoreImage.framework */; };
		84B216061F615A51001A79AB /* QuartzCore.framework in Frameworks */ = {isa = PBXBuildFile; fileRef = 84B216051F615A51001A79AB /* QuartzCore.framework */; };
		84B216081F615A83001A79AB /* CoreVideo.framework in Frameworks */ = {isa = PBXBuildFile; fileRef = 84B216071F615A83001A79AB /* CoreVideo.framework */; };
		84B2160A1F615A92001A79AB /* CoreMedia.framework in Frameworks */ = {isa = PBXBuildFile; fileRef = 84B216091F615A92001A79AB /* CoreMedia.framework */; };
		84B216371F616FE7001A79AB /* UIImage+MDQRCode.m in Sources */ = {isa = PBXBuildFile; fileRef = 84B216361F616FE7001A79AB /* UIImage+MDQRCode.m */; };
		84B216471F61706D001A79AB /* bitstream.m in Sources */ = {isa = PBXBuildFile; fileRef = 84B2163A1F61706D001A79AB /* bitstream.m */; };
		84B216481F61706D001A79AB /* mask.m in Sources */ = {isa = PBXBuildFile; fileRef = 84B2163C1F61706D001A79AB /* mask.m */; };
		84B216491F61706D001A79AB /* qrencode.m in Sources */ = {isa = PBXBuildFile; fileRef = 84B2163E1F61706D001A79AB /* qrencode.m */; };
		84B2164A1F61706D001A79AB /* qrinput.m in Sources */ = {isa = PBXBuildFile; fileRef = 84B216401F61706D001A79AB /* qrinput.m */; };
		84B2164B1F61706D001A79AB /* qrspec.m in Sources */ = {isa = PBXBuildFile; fileRef = 84B216421F61706D001A79AB /* qrspec.m */; };
		84B2164C1F61706D001A79AB /* rscode.m in Sources */ = {isa = PBXBuildFile; fileRef = 84B216441F61706D001A79AB /* rscode.m */; };
		84B2164D1F61706D001A79AB /* split.m in Sources */ = {isa = PBXBuildFile; fileRef = 84B216461F61706D001A79AB /* split.m */; };
		84D044C81F62711D009428F4 /* ModifyViewController.m in Sources */ = {isa = PBXBuildFile; fileRef = 84D044C71F62711D009428F4 /* ModifyViewController.m */; };
		84D044CB1F62812C009428F4 /* MyOrderTableViewCell.m in Sources */ = {isa = PBXBuildFile; fileRef = 84D044CA1F62812C009428F4 /* MyOrderTableViewCell.m */; };
		84D044CE1F62C501009428F4 /* orderModel.m in Sources */ = {isa = PBXBuildFile; fileRef = 84D044CD1F62C501009428F4 /* orderModel.m */; };
		84DEBA281F5FEC79005F006F /* FoundModel.m in Sources */ = {isa = PBXBuildFile; fileRef = 84DEBA271F5FEC79005F006F /* FoundModel.m */; };
		84F699361F5E5D9F00ABD169 /* ConvergenceTableViewCell.m in Sources */ = {isa = PBXBuildFile; fileRef = 84F699351F5E5D9F00ABD169 /* ConvergenceTableViewCell.m */; };
		84F699391F5E5DE600ABD169 /* ConvergenceModel.m in Sources */ = {isa = PBXBuildFile; fileRef = 84F699381F5E5DE600ABD169 /* ConvergenceModel.m */; };
		84F6993C1F5EB9FE00ABD169 /* ConTableViewCell.m in Sources */ = {isa = PBXBuildFile; fileRef = 84F6993B1F5EB9FE00ABD169 /* ConTableViewCell.m */; };
		84F6BE2F1F5D610F00A3C791 /* MyLogin.storyboard in Resources */ = {isa = PBXBuildFile; fileRef = 84F6BE2E1F5D610F00A3C791 /* MyLogin.storyboard */; };
		84F6BE331F5D651C00A3C791 /* MyInfoTableViewCell.m in Sources */ = {isa = PBXBuildFile; fileRef = 84F6BE321F5D651C00A3C791 /* MyInfoTableViewCell.m */; };
		84F6BE3A1F5D734D00A3C791 /* setUp.storyboard in Resources */ = {isa = PBXBuildFile; fileRef = 84F6BE391F5D734D00A3C791 /* setUp.storyboard */; };
		A7359B1E13D0B1AD8DB215C0 /* libPods-convergence.a in Frameworks */ = {isa = PBXBuildFile; fileRef = C7740094EEF81EB7CAA81CAC /* libPods-convergence.a */; };
		B29FE1711F5D32700085C03E /* Main.storyboard in Resources */ = {isa = PBXBuildFile; fileRef = B29FE1701F5D32700085C03E /* Main.storyboard */; };
/* End PBXBuildFile section */

/* Begin PBXContainerItemProxy section */
		848D3F5C1F5525310043C9BD /* PBXContainerItemProxy */ = {
			isa = PBXContainerItemProxy;
			containerPortal = 848D3F371F5525310043C9BD /* Project object */;
			proxyType = 1;
			remoteGlobalIDString = 848D3F3E1F5525310043C9BD;
			remoteInfo = convergence;
		};
		848D3F671F5525310043C9BD /* PBXContainerItemProxy */ = {
			isa = PBXContainerItemProxy;
			containerPortal = 848D3F371F5525310043C9BD /* Project object */;
			proxyType = 1;
			remoteGlobalIDString = 848D3F3E1F5525310043C9BD;
			remoteInfo = convergence;
		};
/* End PBXContainerItemProxy section */

/* Begin PBXFileReference section */
		440BE0004877292B44AB639C /* Pods-convergence.debug.xcconfig */ = {isa = PBXFileReference; includeInIndex = 1; lastKnownFileType = text.xcconfig; name = "Pods-convergence.debug.xcconfig"; path = "Pods/Target Support Files/Pods-convergence/Pods-convergence.debug.xcconfig"; sourceTree = "<group>"; };
		840F6D051F5F9DD000138EF6 /* FoundCollectionViewCell.h */ = {isa = PBXFileReference; fileEncoding = 4; lastKnownFileType = sourcecode.c.h; path = FoundCollectionViewCell.h; sourceTree = "<group>"; };
		840F6D061F5F9DD000138EF6 /* FoundCollectionViewCell.m */ = {isa = PBXFileReference; fileEncoding = 4; lastKnownFileType = sourcecode.c.objc; path = FoundCollectionViewCell.m; sourceTree = "<group>"; };
		8470007C1F5E3C26004350C9 /* UserModel.h */ = {isa = PBXFileReference; fileEncoding = 4; lastKnownFileType = sourcecode.c.h; path = UserModel.h; sourceTree = "<group>"; };
		8470007D1F5E3C26004350C9 /* UserModel.m */ = {isa = PBXFileReference; fileEncoding = 4; lastKnownFileType = sourcecode.c.objc; path = UserModel.m; sourceTree = "<group>"; };
		848D3F3F1F5525310043C9BD /* convergence.app */ = {isa = PBXFileReference; explicitFileType = wrapper.application; includeInIndex = 0; path = convergence.app; sourceTree = BUILT_PRODUCTS_DIR; };
		848D3F431F5525310043C9BD /* main.m */ = {isa = PBXFileReference; lastKnownFileType = sourcecode.c.objc; path = main.m; sourceTree = "<group>"; };
		848D3F451F5525310043C9BD /* AppDelegate.h */ = {isa = PBXFileReference; lastKnownFileType = sourcecode.c.h; path = AppDelegate.h; sourceTree = "<group>"; };
		848D3F461F5525310043C9BD /* AppDelegate.m */ = {isa = PBXFileReference; lastKnownFileType = sourcecode.c.objc; path = AppDelegate.m; sourceTree = "<group>"; };
		848D3F4F1F5525310043C9BD /* convergence.xcdatamodel */ = {isa = PBXFileReference; lastKnownFileType = wrapper.xcdatamodel; path = convergence.xcdatamodel; sourceTree = "<group>"; };
		848D3F511F5525310043C9BD /* Assets.xcassets */ = {isa = PBXFileReference; lastKnownFileType = folder.assetcatalog; name = Assets.xcassets; path = ../Assets.xcassets; sourceTree = "<group>"; };
		848D3F541F5525310043C9BD /* Base */ = {isa = PBXFileReference; lastKnownFileType = file.storyboard; name = Base; path = Base.lproj/LaunchScreen.storyboard; sourceTree = "<group>"; };
		848D3F561F5525310043C9BD /* Info.plist */ = {isa = PBXFileReference; lastKnownFileType = text.plist.xml; path = Info.plist; sourceTree = "<group>"; };
		848D3F5B1F5525310043C9BD /* convergenceTests.xctest */ = {isa = PBXFileReference; explicitFileType = wrapper.cfbundle; includeInIndex = 0; path = convergenceTests.xctest; sourceTree = BUILT_PRODUCTS_DIR; };
		848D3F5F1F5525310043C9BD /* convergenceTests.m */ = {isa = PBXFileReference; lastKnownFileType = sourcecode.c.objc; path = convergenceTests.m; sourceTree = "<group>"; };
		848D3F611F5525310043C9BD /* Info.plist */ = {isa = PBXFileReference; lastKnownFileType = text.plist.xml; path = Info.plist; sourceTree = "<group>"; };
		848D3F661F5525310043C9BD /* convergenceUITests.xctest */ = {isa = PBXFileReference; explicitFileType = wrapper.cfbundle; includeInIndex = 0; path = convergenceUITests.xctest; sourceTree = BUILT_PRODUCTS_DIR; };
		848D3F6A1F5525310043C9BD /* convergenceUITests.m */ = {isa = PBXFileReference; lastKnownFileType = sourcecode.c.objc; path = convergenceUITests.m; sourceTree = "<group>"; };
		848D3F6C1F5525310043C9BD /* Info.plist */ = {isa = PBXFileReference; lastKnownFileType = text.plist.xml; path = Info.plist; sourceTree = "<group>"; };
		848D3F7A1F5526C90043C9BD /* BasicEncodingRules.h */ = {isa = PBXFileReference; fileEncoding = 4; lastKnownFileType = sourcecode.c.h; path = BasicEncodingRules.h; sourceTree = "<group>"; };
		848D3F7B1F5526C90043C9BD /* BasicEncodingRules.m */ = {isa = PBXFileReference; fileEncoding = 4; lastKnownFileType = sourcecode.c.objc; path = BasicEncodingRules.m; sourceTree = "<group>"; };
		848D3F7E1F5526D50043C9BD /* Constants.h */ = {isa = PBXFileReference; fileEncoding = 4; lastKnownFileType = sourcecode.c.h; path = Constants.h; sourceTree = "<group>"; };
		848D3F801F5526DA0043C9BD /* Order.h */ = {isa = PBXFileReference; fileEncoding = 4; lastKnownFileType = sourcecode.c.h; path = Order.h; sourceTree = "<group>"; };
		848D3F811F5526DA0043C9BD /* Order.m */ = {isa = PBXFileReference; fileEncoding = 4; lastKnownFileType = sourcecode.c.objc; path = Order.m; sourceTree = "<group>"; };
		848D3F851F5526DF0043C9BD /* GBAlipayConfig.h */ = {isa = PBXFileReference; fileEncoding = 4; lastKnownFileType = sourcecode.c.h; path = GBAlipayConfig.h; sourceTree = "<group>"; };
		848D3F861F5526DF0043C9BD /* GBAlipayManager.h */ = {isa = PBXFileReference; fileEncoding = 4; lastKnownFileType = sourcecode.c.h; path = GBAlipayManager.h; sourceTree = "<group>"; };
		848D3F871F5526DF0043C9BD /* GBAlipayManager.m */ = {isa = PBXFileReference; fileEncoding = 4; lastKnownFileType = sourcecode.c.objc; path = GBAlipayManager.m; sourceTree = "<group>"; };
		848D3F891F5526DF0043C9BD /* base64.h */ = {isa = PBXFileReference; fileEncoding = 4; lastKnownFileType = sourcecode.c.h; path = base64.h; sourceTree = "<group>"; };
		848D3F8A1F5526DF0043C9BD /* base64.m */ = {isa = PBXFileReference; fileEncoding = 4; lastKnownFileType = sourcecode.c.objc; path = base64.m; sourceTree = "<group>"; };
		848D3F8B1F5526DF0043C9BD /* config.h */ = {isa = PBXFileReference; fileEncoding = 4; lastKnownFileType = sourcecode.c.h; path = config.h; sourceTree = "<group>"; };
		848D3F8C1F5526DF0043C9BD /* DataSigner.h */ = {isa = PBXFileReference; fileEncoding = 4; lastKnownFileType = sourcecode.c.h; path = DataSigner.h; sourceTree = "<group>"; };
		848D3F8D1F5526DF0043C9BD /* DataSigner.m */ = {isa = PBXFileReference; fileEncoding = 4; lastKnownFileType = sourcecode.c.objc; path = DataSigner.m; sourceTree = "<group>"; };
		848D3F8E1F5526DF0043C9BD /* DataVerifier.h */ = {isa = PBXFileReference; fileEncoding = 4; lastKnownFileType = sourcecode.c.h; path = DataVerifier.h; sourceTree = "<group>"; };
		848D3F8F1F5526DF0043C9BD /* DataVerifier.m */ = {isa = PBXFileReference; fileEncoding = 4; lastKnownFileType = sourcecode.c.objc; path = DataVerifier.m; sourceTree = "<group>"; };
		848D3F901F5526DF0043C9BD /* MD5DataSigner.h */ = {isa = PBXFileReference; fileEncoding = 4; lastKnownFileType = sourcecode.c.h; path = MD5DataSigner.h; sourceTree = "<group>"; };
		848D3F911F5526DF0043C9BD /* MD5DataSigner.m */ = {isa = PBXFileReference; fileEncoding = 4; lastKnownFileType = sourcecode.c.objc; path = MD5DataSigner.m; sourceTree = "<group>"; };
		848D3F921F5526DF0043C9BD /* NSDataEx.h */ = {isa = PBXFileReference; fileEncoding = 4; lastKnownFileType = sourcecode.c.h; path = NSDataEx.h; sourceTree = "<group>"; };
		848D3F931F5526DF0043C9BD /* NSDataEx.m */ = {isa = PBXFileReference; fileEncoding = 4; lastKnownFileType = sourcecode.c.objc; path = NSDataEx.m; sourceTree = "<group>"; };
		848D3F941F5526DF0043C9BD /* openssl_wrapper.h */ = {isa = PBXFileReference; fileEncoding = 4; lastKnownFileType = sourcecode.c.h; path = openssl_wrapper.h; sourceTree = "<group>"; };
		848D3F951F5526DF0043C9BD /* openssl_wrapper.m */ = {isa = PBXFileReference; fileEncoding = 4; lastKnownFileType = sourcecode.c.objc; path = openssl_wrapper.m; sourceTree = "<group>"; };
		848D3F961F5526DF0043C9BD /* RSADataSigner.h */ = {isa = PBXFileReference; fileEncoding = 4; lastKnownFileType = sourcecode.c.h; path = RSADataSigner.h; sourceTree = "<group>"; };
		848D3F971F5526DF0043C9BD /* RSADataSigner.m */ = {isa = PBXFileReference; fileEncoding = 4; lastKnownFileType = sourcecode.c.objc; path = RSADataSigner.m; sourceTree = "<group>"; };
		848D3F981F5526DF0043C9BD /* RSADataVerifier.h */ = {isa = PBXFileReference; fileEncoding = 4; lastKnownFileType = sourcecode.c.h; path = RSADataVerifier.h; sourceTree = "<group>"; };
		848D3F991F5526DF0043C9BD /* RSADataVerifier.m */ = {isa = PBXFileReference; fileEncoding = 4; lastKnownFileType = sourcecode.c.objc; path = RSADataVerifier.m; sourceTree = "<group>"; };
		848D3F9A1F5526DF0043C9BD /* AppAPIClient.h */ = {isa = PBXFileReference; fileEncoding = 4; lastKnownFileType = sourcecode.c.h; path = AppAPIClient.h; sourceTree = "<group>"; };
		848D3F9B1F5526DF0043C9BD /* AppAPIClient.m */ = {isa = PBXFileReference; fileEncoding = 4; lastKnownFileType = sourcecode.c.objc; path = AppAPIClient.m; sourceTree = "<group>"; };
		848D3F9C1F5526DF0043C9BD /* ErrorHandler.h */ = {isa = PBXFileReference; fileEncoding = 4; lastKnownFileType = sourcecode.c.h; path = ErrorHandler.h; sourceTree = "<group>"; };
		848D3F9D1F5526DF0043C9BD /* ErrorHandler.m */ = {isa = PBXFileReference; fileEncoding = 4; lastKnownFileType = sourcecode.c.objc; path = ErrorHandler.m; sourceTree = "<group>"; };
		848D3F9E1F5526DF0043C9BD /* JSONS.h */ = {isa = PBXFileReference; fileEncoding = 4; lastKnownFileType = sourcecode.c.h; path = JSONS.h; sourceTree = "<group>"; };
		848D3F9F1F5526DF0043C9BD /* JSONS.m */ = {isa = PBXFileReference; fileEncoding = 4; lastKnownFileType = sourcecode.c.objc; path = JSONS.m; sourceTree = "<group>"; };
		848D3FA01F5526DF0043C9BD /* NSData+Base64.h */ = {isa = PBXFileReference; fileEncoding = 4; lastKnownFileType = sourcecode.c.h; path = "NSData+Base64.h"; sourceTree = "<group>"; };
		848D3FA11F5526DF0043C9BD /* NSData+Base64.m */ = {isa = PBXFileReference; fileEncoding = 4; lastKnownFileType = sourcecode.c.objc; path = "NSData+Base64.m"; sourceTree = "<group>"; };
		848D3FA21F5526DF0043C9BD /* NSDate+Utility.h */ = {isa = PBXFileReference; fileEncoding = 4; lastKnownFileType = sourcecode.c.h; path = "NSDate+Utility.h"; sourceTree = "<group>"; };
		848D3FA31F5526DF0043C9BD /* NSDate+Utility.m */ = {isa = PBXFileReference; fileEncoding = 4; lastKnownFileType = sourcecode.c.objc; path = "NSDate+Utility.m"; sourceTree = "<group>"; };
		848D3FA41F5526DF0043C9BD /* NSDateFormatter+Category.h */ = {isa = PBXFileReference; fileEncoding = 4; lastKnownFileType = sourcecode.c.h; path = "NSDateFormatter+Category.h"; sourceTree = "<group>"; };
		848D3FA51F5526DF0043C9BD /* NSDateFormatter+Category.m */ = {isa = PBXFileReference; fileEncoding = 4; lastKnownFileType = sourcecode.c.objc; path = "NSDateFormatter+Category.m"; sourceTree = "<group>"; };
		848D3FA61F5526DF0043C9BD /* NSString+Crypt.h */ = {isa = PBXFileReference; fileEncoding = 4; lastKnownFileType = sourcecode.c.h; path = "NSString+Crypt.h"; sourceTree = "<group>"; };
		848D3FA71F5526DF0043C9BD /* NSString+Crypt.m */ = {isa = PBXFileReference; fileEncoding = 4; lastKnownFileType = sourcecode.c.objc; path = "NSString+Crypt.m"; sourceTree = "<group>"; };
		848D3FA81F5526DF0043C9BD /* RequestAPI.h */ = {isa = PBXFileReference; fileEncoding = 4; lastKnownFileType = sourcecode.c.h; path = RequestAPI.h; sourceTree = "<group>"; };
		848D3FA91F5526DF0043C9BD /* RequestAPI.m */ = {isa = PBXFileReference; fileEncoding = 4; lastKnownFileType = sourcecode.c.objc; path = RequestAPI.m; sourceTree = "<group>"; };
		848D3FAA1F5526DF0043C9BD /* StorageMgr.h */ = {isa = PBXFileReference; fileEncoding = 4; lastKnownFileType = sourcecode.c.h; path = StorageMgr.h; sourceTree = "<group>"; };
		848D3FAB1F5526DF0043C9BD /* StorageMgr.m */ = {isa = PBXFileReference; fileEncoding = 4; lastKnownFileType = sourcecode.c.objc; path = StorageMgr.m; sourceTree = "<group>"; };
		848D3FAE1F5526DF0043C9BD /* Utilities.h */ = {isa = PBXFileReference; fileEncoding = 4; lastKnownFileType = sourcecode.c.h; path = Utilities.h; sourceTree = "<group>"; };
		848D3FAF1F5526DF0043C9BD /* Utilities.m */ = {isa = PBXFileReference; fileEncoding = 4; lastKnownFileType = sourcecode.c.objc; path = Utilities.m; sourceTree = "<group>"; };
		848D3FC41F5526EA0043C9BD /* PrefixHeader.pch */ = {isa = PBXFileReference; lastKnownFileType = sourcecode.c.h; path = PrefixHeader.pch; sourceTree = "<group>"; };
		848D3FC51F5527E00043C9BD /* AlipaySDK.bundle */ = {isa = PBXFileReference; lastKnownFileType = "wrapper.plug-in"; name = AlipaySDK.bundle; path = convergence/AlipaySDK.bundle; sourceTree = "<group>"; };
		848D3FC61F5527E00043C9BD /* AlipaySDK.framework */ = {isa = PBXFileReference; lastKnownFileType = wrapper.framework; name = AlipaySDK.framework; path = convergence/AlipaySDK.framework; sourceTree = "<group>"; };
		848D3FC71F5527E00043C9BD /* libcrypto.a */ = {isa = PBXFileReference; lastKnownFileType = archive.ar; name = libcrypto.a; path = convergence/libcrypto.a; sourceTree = "<group>"; };
		848D3FC81F5527E00043C9BD /* libssl.a */ = {isa = PBXFileReference; lastKnownFileType = archive.ar; name = libssl.a; path = convergence/libssl.a; sourceTree = "<group>"; };
		848D3FC91F5527E00043C9BD /* Openssl.framework */ = {isa = PBXFileReference; lastKnownFileType = wrapper.framework; name = Openssl.framework; path = convergence/Openssl.framework; sourceTree = "<group>"; };
		848D3FCF1F5527EC0043C9BD /* CoreTelephony.framework */ = {isa = PBXFileReference; lastKnownFileType = wrapper.framework; name = CoreTelephony.framework; path = System/Library/Frameworks/CoreTelephony.framework; sourceTree = SDKROOT; };
		848D3FD11F5527F60043C9BD /* CoreMotion.framework */ = {isa = PBXFileReference; lastKnownFileType = wrapper.framework; name = CoreMotion.framework; path = System/Library/Frameworks/CoreMotion.framework; sourceTree = SDKROOT; };
		848D3FD31F5527FF0043C9BD /* libz.tbd */ = {isa = PBXFileReference; lastKnownFileType = "sourcecode.text-based-dylib-definition"; name = libz.tbd; path = usr/lib/libz.tbd; sourceTree = SDKROOT; };
		84A77A181F5FF7DE007067AC /* MyInfoViewController.h */ = {isa = PBXFileReference; fileEncoding = 4; lastKnownFileType = sourcecode.c.h; name = MyInfoViewController.h; path = convergence/Controller/MyInfoViewController.h; sourceTree = SOURCE_ROOT; };
		84A77A191F5FF7DE007067AC /* MyInfoViewController.m */ = {isa = PBXFileReference; fileEncoding = 4; lastKnownFileType = sourcecode.c.objc; name = MyInfoViewController.m; path = convergence/Controller/MyInfoViewController.m; sourceTree = SOURCE_ROOT; };
		84A77A1B1F5FF7E5007067AC /* ConvergenceViewController.h */ = {isa = PBXFileReference; fileEncoding = 4; lastKnownFileType = sourcecode.c.h; path = ConvergenceViewController.h; sourceTree = "<group>"; };
		84A77A1C1F5FF7E5007067AC /* ConvergenceViewController.m */ = {isa = PBXFileReference; fileEncoding = 4; lastKnownFileType = sourcecode.c.objc; path = ConvergenceViewController.m; sourceTree = "<group>"; };
		84A77A1E1F5FF7EE007067AC /* FoundViewController.h */ = {isa = PBXFileReference; fileEncoding = 4; lastKnownFileType = sourcecode.c.h; path = FoundViewController.h; sourceTree = "<group>"; };
		84A77A1F1F5FF7EE007067AC /* FoundViewController.m */ = {isa = PBXFileReference; fileEncoding = 4; lastKnownFileType = sourcecode.c.objc; path = FoundViewController.m; sourceTree = "<group>"; };
		84A77A221F5FF99B007067AC /* SignInViewController.h */ = {isa = PBXFileReference; fileEncoding = 4; lastKnownFileType = sourcecode.c.h; path = SignInViewController.h; sourceTree = "<group>"; };
		84A77A231F5FF99B007067AC /* SignInViewController.m */ = {isa = PBXFileReference; fileEncoding = 4; lastKnownFileType = sourcecode.c.objc; path = SignInViewController.m; sourceTree = "<group>"; };
		84A77A241F5FF99B007067AC /* SignUpViewController.h */ = {isa = PBXFileReference; fileEncoding = 4; lastKnownFileType = sourcecode.c.h; path = SignUpViewController.h; sourceTree = "<group>"; };
		84A77A251F5FF99B007067AC /* SignUpViewController.m */ = {isa = PBXFileReference; fileEncoding = 4; lastKnownFileType = sourcecode.c.objc; path = SignUpViewController.m; sourceTree = "<group>"; };
		84A77A291F5FFC35007067AC /* LeftViewController.h */ = {isa = PBXFileReference; fileEncoding = 4; lastKnownFileType = sourcecode.c.h; path = LeftViewController.h; sourceTree = "<group>"; };
		84A77A2A1F5FFC35007067AC /* LeftViewController.m */ = {isa = PBXFileReference; fileEncoding = 4; lastKnownFileType = sourcecode.c.objc; path = LeftViewController.m; sourceTree = "<group>"; };
		84A77A2C1F6003CD007067AC /* Detail.storyboard */ = {isa = PBXFileReference; fileEncoding = 4; lastKnownFileType = file.storyboard; path = Detail.storyboard; sourceTree = "<group>"; };
		84A77A2E1F600747007067AC /* DetailViewController.h */ = {isa = PBXFileReference; fileEncoding = 4; lastKnownFileType = sourcecode.c.h; path = DetailViewController.h; sourceTree = "<group>"; };
		84A77A2F1F600747007067AC /* DetailViewController.m */ = {isa = PBXFileReference; fileEncoding = 4; lastKnownFileType = sourcecode.c.objc; path = DetailViewController.m; sourceTree = "<group>"; };
		84A77A311F600B20007067AC /* VouchersViewController.h */ = {isa = PBXFileReference; fileEncoding = 4; lastKnownFileType = sourcecode.c.h; path = VouchersViewController.h; sourceTree = "<group>"; };
		84A77A321F600B20007067AC /* VouchersViewController.m */ = {isa = PBXFileReference; fileEncoding = 4; lastKnownFileType = sourcecode.c.objc; path = VouchersViewController.m; sourceTree = "<group>"; };
		84A77A341F600EA2007067AC /* Vouchers.storyboard */ = {isa = PBXFileReference; fileEncoding = 4; lastKnownFileType = file.storyboard; path = Vouchers.storyboard; sourceTree = "<group>"; };
		84A77A371F6014FD007067AC /* SettingViewController.h */ = {isa = PBXFileReference; fileEncoding = 4; lastKnownFileType = sourcecode.c.h; path = SettingViewController.h; sourceTree = "<group>"; };
		84A77A381F6014FD007067AC /* SettingViewController.m */ = {isa = PBXFileReference; fileEncoding = 4; lastKnownFileType = sourcecode.c.objc; path = SettingViewController.m; sourceTree = "<group>"; };
		84A77A3A1F6015B3007067AC /* StetingTableViewCell.h */ = {isa = PBXFileReference; fileEncoding = 4; lastKnownFileType = sourcecode.c.h; path = StetingTableViewCell.h; sourceTree = "<group>"; };
		84A77A3B1F6015B3007067AC /* StetingTableViewCell.m */ = {isa = PBXFileReference; fileEncoding = 4; lastKnownFileType = sourcecode.c.objc; path = StetingTableViewCell.m; sourceTree = "<group>"; };
		84AB11821F6121E00089C83B /* VouchersModel.h */ = {isa = PBXFileReference; fileEncoding = 4; lastKnownFileType = sourcecode.c.h; path = VouchersModel.h; sourceTree = "<group>"; };
		84AB11831F6121E00089C83B /* VouchersModel.m */ = {isa = PBXFileReference; fileEncoding = 4; lastKnownFileType = sourcecode.c.objc; path = VouchersModel.m; sourceTree = "<group>"; };
		84B2154B1F615037001A79AB /* MyOrder.storyboard */ = {isa = PBXFileReference; fileEncoding = 4; lastKnownFileType = file.storyboard; path = MyOrder.storyboard; sourceTree = "<group>"; };
		84B2154D1F61506D001A79AB /* Promote.storyboard */ = {isa = PBXFileReference; fileEncoding = 4; lastKnownFileType = file.storyboard; path = Promote.storyboard; sourceTree = "<group>"; };
		84B2154F1F6150A6001A79AB /* Feedback.storyboard */ = {isa = PBXFileReference; fileEncoding = 4; lastKnownFileType = file.storyboard; path = Feedback.storyboard; sourceTree = "<group>"; };
		84B215511F6150DA001A79AB /* About.storyboard */ = {isa = PBXFileReference; fileEncoding = 4; lastKnownFileType = file.storyboard; path = About.storyboard; sourceTree = "<group>"; };
		84B215531F6153D1001A79AB /* MyOrderViewController.h */ = {isa = PBXFileReference; fileEncoding = 4; lastKnownFileType = sourcecode.c.h; name = MyOrderViewController.h; path = convergence/View/MyOrderViewController.h; sourceTree = SOURCE_ROOT; };
		84B215541F6153D1001A79AB /* MyOrderViewController.m */ = {isa = PBXFileReference; fileEncoding = 4; lastKnownFileType = sourcecode.c.objc; name = MyOrderViewController.m; path = convergence/View/MyOrderViewController.m; sourceTree = SOURCE_ROOT; };
		84B215561F6153F1001A79AB /* PromoteViewController.h */ = {isa = PBXFileReference; fileEncoding = 4; lastKnownFileType = sourcecode.c.h; name = PromoteViewController.h; path = convergence/View/PromoteViewController.h; sourceTree = SOURCE_ROOT; };
		84B215571F6153F1001A79AB /* PromoteViewController.m */ = {isa = PBXFileReference; fileEncoding = 4; lastKnownFileType = sourcecode.c.objc; name = PromoteViewController.m; path = convergence/View/PromoteViewController.m; sourceTree = SOURCE_ROOT; };
		84B215591F615410001A79AB /* FeedbackViewController.h */ = {isa = PBXFileReference; fileEncoding = 4; lastKnownFileType = sourcecode.c.h; name = FeedbackViewController.h; path = convergence/View/FeedbackViewController.h; sourceTree = SOURCE_ROOT; };
		84B2155A1F615410001A79AB /* FeedbackViewController.m */ = {isa = PBXFileReference; fileEncoding = 4; lastKnownFileType = sourcecode.c.objc; name = FeedbackViewController.m; path = convergence/View/FeedbackViewController.m; sourceTree = SOURCE_ROOT; };
		84B2155C1F615427001A79AB /* AboutViewController.h */ = {isa = PBXFileReference; fileEncoding = 4; lastKnownFileType = sourcecode.c.h; name = AboutViewController.h; path = convergence/View/AboutViewController.h; sourceTree = SOURCE_ROOT; };
		84B2155D1F615427001A79AB /* AboutViewController.m */ = {isa = PBXFileReference; fileEncoding = 4; lastKnownFileType = sourcecode.c.objc; name = AboutViewController.m; path = convergence/View/AboutViewController.m; sourceTree = SOURCE_ROOT; };
		84B215FF1F615A23001A79AB /* libiconv.tbd */ = {isa = PBXFileReference; lastKnownFileType = "sourcecode.text-based-dylib-definition"; name = libiconv.tbd; path = usr/lib/libiconv.tbd; sourceTree = SDKROOT; };
		84B216011F615A34001A79AB /* AVFoundation.framework */ = {isa = PBXFileReference; lastKnownFileType = wrapper.framework; name = AVFoundation.framework; path = System/Library/Frameworks/AVFoundation.framework; sourceTree = SDKROOT; };
		84B216031F615A41001A79AB /* CoreImage.framework */ = {isa = PBXFileReference; lastKnownFileType = wrapper.framework; name = CoreImage.framework; path = System/Library/Frameworks/CoreImage.framework; sourceTree = SDKROOT; };
		84B216051F615A51001A79AB /* QuartzCore.framework */ = {isa = PBXFileReference; lastKnownFileType = wrapper.framework; name = QuartzCore.framework; path = System/Library/Frameworks/QuartzCore.framework; sourceTree = SDKROOT; };
		84B216071F615A83001A79AB /* CoreVideo.framework */ = {isa = PBXFileReference; lastKnownFileType = wrapper.framework; name = CoreVideo.framework; path = System/Library/Frameworks/CoreVideo.framework; sourceTree = SDKROOT; };
		84B216091F615A92001A79AB /* CoreMedia.framework */ = {isa = PBXFileReference; lastKnownFileType = wrapper.framework; name = CoreMedia.framework; path = System/Library/Frameworks/CoreMedia.framework; sourceTree = SDKROOT; };
		84B216351F616FE7001A79AB /* UIImage+MDQRCode.h */ = {isa = PBXFileReference; fileEncoding = 4; lastKnownFileType = sourcecode.c.h; name = "UIImage+MDQRCode.h"; path = "../../../../getHotel/ActivityList/ActivityList/Utility/UIImage+MDQRCode.h"; sourceTree = "<group>"; };
		84B216361F616FE7001A79AB /* UIImage+MDQRCode.m */ = {isa = PBXFileReference; fileEncoding = 4; lastKnownFileType = sourcecode.c.objc; name = "UIImage+MDQRCode.m"; path = "../../../../getHotel/ActivityList/ActivityList/Utility/UIImage+MDQRCode.m"; sourceTree = "<group>"; };
		84B216391F61706D001A79AB /* bitstream.h */ = {isa = PBXFileReference; fileEncoding = 4; lastKnownFileType = sourcecode.c.h; path = bitstream.h; sourceTree = "<group>"; };
		84B2163A1F61706D001A79AB /* bitstream.m */ = {isa = PBXFileReference; fileEncoding = 4; lastKnownFileType = sourcecode.c.objc; path = bitstream.m; sourceTree = "<group>"; };
		84B2163B1F61706D001A79AB /* mask.h */ = {isa = PBXFileReference; fileEncoding = 4; lastKnownFileType = sourcecode.c.h; path = mask.h; sourceTree = "<group>"; };
		84B2163C1F61706D001A79AB /* mask.m */ = {isa = PBXFileReference; fileEncoding = 4; lastKnownFileType = sourcecode.c.objc; path = mask.m; sourceTree = "<group>"; };
		84B2163D1F61706D001A79AB /* qrencode.h */ = {isa = PBXFileReference; fileEncoding = 4; lastKnownFileType = sourcecode.c.h; path = qrencode.h; sourceTree = "<group>"; };
		84B2163E1F61706D001A79AB /* qrencode.m */ = {isa = PBXFileReference; fileEncoding = 4; lastKnownFileType = sourcecode.c.objc; path = qrencode.m; sourceTree = "<group>"; };
		84B2163F1F61706D001A79AB /* qrinput.h */ = {isa = PBXFileReference; fileEncoding = 4; lastKnownFileType = sourcecode.c.h; path = qrinput.h; sourceTree = "<group>"; };
		84B216401F61706D001A79AB /* qrinput.m */ = {isa = PBXFileReference; fileEncoding = 4; lastKnownFileType = sourcecode.c.objc; path = qrinput.m; sourceTree = "<group>"; };
		84B216411F61706D001A79AB /* qrspec.h */ = {isa = PBXFileReference; fileEncoding = 4; lastKnownFileType = sourcecode.c.h; path = qrspec.h; sourceTree = "<group>"; };
		84B216421F61706D001A79AB /* qrspec.m */ = {isa = PBXFileReference; fileEncoding = 4; lastKnownFileType = sourcecode.c.objc; path = qrspec.m; sourceTree = "<group>"; };
		84B216431F61706D001A79AB /* rscode.h */ = {isa = PBXFileReference; fileEncoding = 4; lastKnownFileType = sourcecode.c.h; path = rscode.h; sourceTree = "<group>"; };
		84B216441F61706D001A79AB /* rscode.m */ = {isa = PBXFileReference; fileEncoding = 4; lastKnownFileType = sourcecode.c.objc; path = rscode.m; sourceTree = "<group>"; };
		84B216451F61706D001A79AB /* split.h */ = {isa = PBXFileReference; fileEncoding = 4; lastKnownFileType = sourcecode.c.h; path = split.h; sourceTree = "<group>"; };
		84B216461F61706D001A79AB /* split.m */ = {isa = PBXFileReference; fileEncoding = 4; lastKnownFileType = sourcecode.c.objc; path = split.m; sourceTree = "<group>"; };
		84D044C61F62711D009428F4 /* ModifyViewController.h */ = {isa = PBXFileReference; fileEncoding = 4; lastKnownFileType = sourcecode.c.h; path = ModifyViewController.h; sourceTree = "<group>"; };
		84D044C71F62711D009428F4 /* ModifyViewController.m */ = {isa = PBXFileReference; fileEncoding = 4; lastKnownFileType = sourcecode.c.objc; path = ModifyViewController.m; sourceTree = "<group>"; };
		84D044C91F62812C009428F4 /* MyOrderTableViewCell.h */ = {isa = PBXFileReference; fileEncoding = 4; lastKnownFileType = sourcecode.c.h; path = MyOrderTableViewCell.h; sourceTree = "<group>"; };
		84D044CA1F62812C009428F4 /* MyOrderTableViewCell.m */ = {isa = PBXFileReference; fileEncoding = 4; lastKnownFileType = sourcecode.c.objc; path = MyOrderTableViewCell.m; sourceTree = "<group>"; };
		84D044CC1F62C501009428F4 /* orderModel.h */ = {isa = PBXFileReference; fileEncoding = 4; lastKnownFileType = sourcecode.c.h; path = orderModel.h; sourceTree = "<group>"; };
		84D044CD1F62C501009428F4 /* orderModel.m */ = {isa = PBXFileReference; fileEncoding = 4; lastKnownFileType = sourcecode.c.objc; path = orderModel.m; sourceTree = "<group>"; };
		84DEBA261F5FEC79005F006F /* FoundModel.h */ = {isa = PBXFileReference; fileEncoding = 4; lastKnownFileType = sourcecode.c.h; path = FoundModel.h; sourceTree = "<group>"; };
		84DEBA271F5FEC79005F006F /* FoundModel.m */ = {isa = PBXFileReference; fileEncoding = 4; lastKnownFileType = sourcecode.c.objc; path = FoundModel.m; sourceTree = "<group>"; };
		84F699341F5E5D9F00ABD169 /* ConvergenceTableViewCell.h */ = {isa = PBXFileReference; fileEncoding = 4; lastKnownFileType = sourcecode.c.h; path = ConvergenceTableViewCell.h; sourceTree = "<group>"; };
		84F699351F5E5D9F00ABD169 /* ConvergenceTableViewCell.m */ = {isa = PBXFileReference; fileEncoding = 4; lastKnownFileType = sourcecode.c.objc; path = ConvergenceTableViewCell.m; sourceTree = "<group>"; };
		84F699371F5E5DE600ABD169 /* ConvergenceModel.h */ = {isa = PBXFileReference; fileEncoding = 4; lastKnownFileType = sourcecode.c.h; path = ConvergenceModel.h; sourceTree = "<group>"; };
		84F699381F5E5DE600ABD169 /* ConvergenceModel.m */ = {isa = PBXFileReference; fileEncoding = 4; lastKnownFileType = sourcecode.c.objc; path = ConvergenceModel.m; sourceTree = "<group>"; };
		84F6993A1F5EB9FE00ABD169 /* ConTableViewCell.h */ = {isa = PBXFileReference; fileEncoding = 4; lastKnownFileType = sourcecode.c.h; path = ConTableViewCell.h; sourceTree = "<group>"; };
		84F6993B1F5EB9FE00ABD169 /* ConTableViewCell.m */ = {isa = PBXFileReference; fileEncoding = 4; lastKnownFileType = sourcecode.c.objc; path = ConTableViewCell.m; sourceTree = "<group>"; };
		84F6BE2E1F5D610F00A3C791 /* MyLogin.storyboard */ = {isa = PBXFileReference; fileEncoding = 4; lastKnownFileType = file.storyboard; name = MyLogin.storyboard; path = Homepage/MyLogin.storyboard; sourceTree = "<group>"; };
		84F6BE311F5D651C00A3C791 /* MyInfoTableViewCell.h */ = {isa = PBXFileReference; fileEncoding = 4; lastKnownFileType = sourcecode.c.h; path = MyInfoTableViewCell.h; sourceTree = "<group>"; };
		84F6BE321F5D651C00A3C791 /* MyInfoTableViewCell.m */ = {isa = PBXFileReference; fileEncoding = 4; lastKnownFileType = sourcecode.c.objc; path = MyInfoTableViewCell.m; sourceTree = "<group>"; };
		84F6BE391F5D734D00A3C791 /* setUp.storyboard */ = {isa = PBXFileReference; fileEncoding = 4; lastKnownFileType = file.storyboard; path = setUp.storyboard; sourceTree = "<group>"; };
		B29FE1701F5D32700085C03E /* Main.storyboard */ = {isa = PBXFileReference; fileEncoding = 4; lastKnownFileType = file.storyboard; name = Main.storyboard; path = Homepage/Main.storyboard; sourceTree = "<group>"; };
		C7740094EEF81EB7CAA81CAC /* libPods-convergence.a */ = {isa = PBXFileReference; explicitFileType = archive.ar; includeInIndex = 0; path = "libPods-convergence.a"; sourceTree = BUILT_PRODUCTS_DIR; };
		F2CDCBA564569A3F130335B3 /* Pods-convergence.release.xcconfig */ = {isa = PBXFileReference; includeInIndex = 1; lastKnownFileType = text.xcconfig; name = "Pods-convergence.release.xcconfig"; path = "Pods/Target Support Files/Pods-convergence/Pods-convergence.release.xcconfig"; sourceTree = "<group>"; };
/* End PBXFileReference section */

/* Begin PBXFrameworksBuildPhase section */
		848D3F3C1F5525310043C9BD /* Frameworks */ = {
			isa = PBXFrameworksBuildPhase;
			buildActionMask = 2147483647;
			files = (
				84B2160A1F615A92001A79AB /* CoreMedia.framework in Frameworks */,
				84B216081F615A83001A79AB /* CoreVideo.framework in Frameworks */,
				84B216061F615A51001A79AB /* QuartzCore.framework in Frameworks */,
				84B216041F615A41001A79AB /* CoreImage.framework in Frameworks */,
				84B216021F615A34001A79AB /* AVFoundation.framework in Frameworks */,
				84B216001F615A23001A79AB /* libiconv.tbd in Frameworks */,
				848D3FD41F5527FF0043C9BD /* libz.tbd in Frameworks */,
				848D3FD21F5527F60043C9BD /* CoreMotion.framework in Frameworks */,
				848D3FD01F5527EC0043C9BD /* CoreTelephony.framework in Frameworks */,
				848D3FCA1F5527E00043C9BD /* AlipaySDK.bundle in Frameworks */,
				848D3FCB1F5527E00043C9BD /* AlipaySDK.framework in Frameworks */,
				848D3FCC1F5527E00043C9BD /* libcrypto.a in Frameworks */,
				848D3FCD1F5527E00043C9BD /* libssl.a in Frameworks */,
				848D3FCE1F5527E00043C9BD /* Openssl.framework in Frameworks */,
				A7359B1E13D0B1AD8DB215C0 /* libPods-convergence.a in Frameworks */,
			);
			runOnlyForDeploymentPostprocessing = 0;
		};
		848D3F581F5525310043C9BD /* Frameworks */ = {
			isa = PBXFrameworksBuildPhase;
			buildActionMask = 2147483647;
			files = (
			);
			runOnlyForDeploymentPostprocessing = 0;
		};
		848D3F631F5525310043C9BD /* Frameworks */ = {
			isa = PBXFrameworksBuildPhase;
			buildActionMask = 2147483647;
			files = (
			);
			runOnlyForDeploymentPostprocessing = 0;
		};
/* End PBXFrameworksBuildPhase section */

/* Begin PBXGroup section */
		840F6CFE1F5F9C8B00138EF6 /* FoundViewController 发现 */ = {
			isa = PBXGroup;
			children = (
				84A77A1E1F5FF7EE007067AC /* FoundViewController.h */,
				84A77A1F1F5FF7EE007067AC /* FoundViewController.m */,
			);
			name = "FoundViewController 发现";
			sourceTree = "<group>";
		};
		848D3F361F5525310043C9BD = {
			isa = PBXGroup;
			children = (
				848D3F411F5525310043C9BD /* convergence */,
				848D3F5E1F5525310043C9BD /* convergenceTests */,
				848D3F691F5525310043C9BD /* convergenceUITests */,
				848D3F401F5525310043C9BD /* Products */,
				D8F096AE011368BF248B578C /* Pods */,
				D11BCE11CA0144D969236C49 /* Frameworks */,
			);
			sourceTree = "<group>";
		};
		848D3F401F5525310043C9BD /* Products */ = {
			isa = PBXGroup;
			children = (
				848D3F3F1F5525310043C9BD /* convergence.app */,
				848D3F5B1F5525310043C9BD /* convergenceTests.xctest */,
				848D3F661F5525310043C9BD /* convergenceUITests.xctest */,
			);
			name = Products;
			sourceTree = "<group>";
		};
		848D3F411F5525310043C9BD /* convergence */ = {
			isa = PBXGroup;
			children = (
				848D3F781F5526C90043C9BD /* 3rd */,
				848D3F831F5526DF0043C9BD /* Utility */,
				848D3F7D1F5526D50043C9BD /* Constant */,
				B29FE1521F5D2EA10085C03E /* Controller */,
				848D3F7F1F5526DA0043C9BD /* Model */,
				B29FE1591F5D2F0C0085C03E /* View */,
				848D3F421F5525310043C9BD /* Supporting Files */,
			);
			path = convergence;
			sourceTree = "<group>";
		};
		848D3F421F5525310043C9BD /* Supporting Files */ = {
			isa = PBXGroup;
			children = (
				848D3F451F5525310043C9BD /* AppDelegate.h */,
				848D3F461F5525310043C9BD /* AppDelegate.m */,
				848D3FC41F5526EA0043C9BD /* PrefixHeader.pch */,
				848D3F561F5525310043C9BD /* Info.plist */,
				848D3F431F5525310043C9BD /* main.m */,
			);
			name = "Supporting Files";
			sourceTree = "<group>";
		};
		848D3F5E1F5525310043C9BD /* convergenceTests */ = {
			isa = PBXGroup;
			children = (
				848D3F5F1F5525310043C9BD /* convergenceTests.m */,
				848D3F611F5525310043C9BD /* Info.plist */,
			);
			path = convergenceTests;
			sourceTree = "<group>";
		};
		848D3F691F5525310043C9BD /* convergenceUITests */ = {
			isa = PBXGroup;
			children = (
				848D3F6A1F5525310043C9BD /* convergenceUITests.m */,
				848D3F6C1F5525310043C9BD /* Info.plist */,
			);
			path = convergenceUITests;
			sourceTree = "<group>";
		};
		848D3F781F5526C90043C9BD /* 3rd */ = {
			isa = PBXGroup;
			children = (
				84B216381F61706D001A79AB /* MDQREncode */,
				848D3F791F5526C90043C9BD /* SCZBasicEncodingRules */,
			);
			path = 3rd;
			sourceTree = "<group>";
		};
		848D3F791F5526C90043C9BD /* SCZBasicEncodingRules */ = {
			isa = PBXGroup;
			children = (
				848D3F7A1F5526C90043C9BD /* BasicEncodingRules.h */,
				848D3F7B1F5526C90043C9BD /* BasicEncodingRules.m */,
			);
			path = SCZBasicEncodingRules;
			sourceTree = "<group>";
		};
		848D3F7D1F5526D50043C9BD /* Constant */ = {
			isa = PBXGroup;
			children = (
				848D3F7E1F5526D50043C9BD /* Constants.h */,
			);
			path = Constant;
			sourceTree = "<group>";
		};
		848D3F7F1F5526DA0043C9BD /* Model */ = {
			isa = PBXGroup;
			children = (
				848D3F4E1F5525310043C9BD /* convergence.xcdatamodeld */,
				848D3F801F5526DA0043C9BD /* Order.h */,
				848D3F811F5526DA0043C9BD /* Order.m */,
				8470007C1F5E3C26004350C9 /* UserModel.h */,
				8470007D1F5E3C26004350C9 /* UserModel.m */,
				84F699371F5E5DE600ABD169 /* ConvergenceModel.h */,
				84F699381F5E5DE600ABD169 /* ConvergenceModel.m */,
				84DEBA261F5FEC79005F006F /* FoundModel.h */,
				84DEBA271F5FEC79005F006F /* FoundModel.m */,
				84AB11821F6121E00089C83B /* VouchersModel.h */,
				84AB11831F6121E00089C83B /* VouchersModel.m */,
				84D044CC1F62C501009428F4 /* orderModel.h */,
				84D044CD1F62C501009428F4 /* orderModel.m */,
			);
			path = Model;
			sourceTree = "<group>";
		};
		848D3F831F5526DF0043C9BD /* Utility */ = {
			isa = PBXGroup;
			children = (
				848D3F841F5526DF0043C9BD /* AliMgr */,
				848D3F881F5526DF0043C9BD /* AliUtil */,
				848D3F9A1F5526DF0043C9BD /* AppAPIClient.h */,
				848D3F9B1F5526DF0043C9BD /* AppAPIClient.m */,
				848D3F9C1F5526DF0043C9BD /* ErrorHandler.h */,
				848D3F9D1F5526DF0043C9BD /* ErrorHandler.m */,
				848D3F9E1F5526DF0043C9BD /* JSONS.h */,
				848D3F9F1F5526DF0043C9BD /* JSONS.m */,
				848D3FA01F5526DF0043C9BD /* NSData+Base64.h */,
				848D3FA11F5526DF0043C9BD /* NSData+Base64.m */,
				848D3FA21F5526DF0043C9BD /* NSDate+Utility.h */,
				848D3FA31F5526DF0043C9BD /* NSDate+Utility.m */,
				848D3FA41F5526DF0043C9BD /* NSDateFormatter+Category.h */,
				848D3FA51F5526DF0043C9BD /* NSDateFormatter+Category.m */,
				848D3FA61F5526DF0043C9BD /* NSString+Crypt.h */,
				848D3FA71F5526DF0043C9BD /* NSString+Crypt.m */,
				848D3FA81F5526DF0043C9BD /* RequestAPI.h */,
				848D3FA91F5526DF0043C9BD /* RequestAPI.m */,
				848D3FAA1F5526DF0043C9BD /* StorageMgr.h */,
				848D3FAB1F5526DF0043C9BD /* StorageMgr.m */,
				84B216351F616FE7001A79AB /* UIImage+MDQRCode.h */,
				84B216361F616FE7001A79AB /* UIImage+MDQRCode.m */,
				848D3FAE1F5526DF0043C9BD /* Utilities.h */,
				848D3FAF1F5526DF0043C9BD /* Utilities.m */,
			);
			path = Utility;
			sourceTree = "<group>";
		};
		848D3F841F5526DF0043C9BD /* AliMgr */ = {
			isa = PBXGroup;
			children = (
				848D3F851F5526DF0043C9BD /* GBAlipayConfig.h */,
				848D3F861F5526DF0043C9BD /* GBAlipayManager.h */,
				848D3F871F5526DF0043C9BD /* GBAlipayManager.m */,
			);
			path = AliMgr;
			sourceTree = "<group>";
		};
		848D3F881F5526DF0043C9BD /* AliUtil */ = {
			isa = PBXGroup;
			children = (
				848D3F891F5526DF0043C9BD /* base64.h */,
				848D3F8A1F5526DF0043C9BD /* base64.m */,
				848D3F8B1F5526DF0043C9BD /* config.h */,
				848D3F8C1F5526DF0043C9BD /* DataSigner.h */,
				848D3F8D1F5526DF0043C9BD /* DataSigner.m */,
				848D3F8E1F5526DF0043C9BD /* DataVerifier.h */,
				848D3F8F1F5526DF0043C9BD /* DataVerifier.m */,
				848D3F901F5526DF0043C9BD /* MD5DataSigner.h */,
				848D3F911F5526DF0043C9BD /* MD5DataSigner.m */,
				848D3F921F5526DF0043C9BD /* NSDataEx.h */,
				848D3F931F5526DF0043C9BD /* NSDataEx.m */,
				848D3F941F5526DF0043C9BD /* openssl_wrapper.h */,
				848D3F951F5526DF0043C9BD /* openssl_wrapper.m */,
				848D3F961F5526DF0043C9BD /* RSADataSigner.h */,
				848D3F971F5526DF0043C9BD /* RSADataSigner.m */,
				848D3F981F5526DF0043C9BD /* RSADataVerifier.h */,
				848D3F991F5526DF0043C9BD /* RSADataVerifier.m */,
			);
			path = AliUtil;
			sourceTree = "<group>";
		};
		84A77A211F5FF921007067AC /* Sign */ = {
			isa = PBXGroup;
			children = (
				84A77A221F5FF99B007067AC /* SignInViewController.h */,
				84A77A231F5FF99B007067AC /* SignInViewController.m */,
				84A77A241F5FF99B007067AC /* SignUpViewController.h */,
				84A77A251F5FF99B007067AC /* SignUpViewController.m */,
			);
			name = Sign;
			sourceTree = "<group>";
		};
		84A77A281F5FFBEB007067AC /* Left */ = {
			isa = PBXGroup;
			children = (
				84A77A291F5FFC35007067AC /* LeftViewController.h */,
				84A77A2A1F5FFC35007067AC /* LeftViewController.m */,
			);
			name = Left;
			sourceTree = "<group>";
		};
		84A77A361F6014E8007067AC /* Setting */ = {
			isa = PBXGroup;
			children = (
				84A77A371F6014FD007067AC /* SettingViewController.h */,
				84A77A381F6014FD007067AC /* SettingViewController.m */,
				84D044C61F62711D009428F4 /* ModifyViewController.h */,
				84D044C71F62711D009428F4 /* ModifyViewController.m */,
			);
			name = Setting;
			sourceTree = "<group>";
		};
		84B216381F61706D001A79AB /* MDQREncode */ = {
			isa = PBXGroup;
			children = (
				84B216391F61706D001A79AB /* bitstream.h */,
				84B2163A1F61706D001A79AB /* bitstream.m */,
				84B2163B1F61706D001A79AB /* mask.h */,
				84B2163C1F61706D001A79AB /* mask.m */,
				84B2163D1F61706D001A79AB /* qrencode.h */,
				84B2163E1F61706D001A79AB /* qrencode.m */,
				84B2163F1F61706D001A79AB /* qrinput.h */,
				84B216401F61706D001A79AB /* qrinput.m */,
				84B216411F61706D001A79AB /* qrspec.h */,
				84B216421F61706D001A79AB /* qrspec.m */,
				84B216431F61706D001A79AB /* rscode.h */,
				84B216441F61706D001A79AB /* rscode.m */,
				84B216451F61706D001A79AB /* split.h */,
				84B216461F61706D001A79AB /* split.m */,
			);
			path = MDQREncode;
			sourceTree = "<group>";
		};
		84F699301F5E5C3E00ABD169 /* convergenceViewController 首页 */ = {
			isa = PBXGroup;
			children = (
				84A77A1B1F5FF7E5007067AC /* ConvergenceViewController.h */,
				84A77A1C1F5FF7E5007067AC /* ConvergenceViewController.m */,
				84A77A2E1F600747007067AC /* DetailViewController.h */,
				84A77A2F1F600747007067AC /* DetailViewController.m */,
				84A77A311F600B20007067AC /* VouchersViewController.h */,
				84A77A321F600B20007067AC /* VouchersViewController.m */,
			);
			name = "convergenceViewController 首页";
			sourceTree = "<group>";
		};
		84F6BE301F5D64B900A3C791 /* MyInfo */ = {
			isa = PBXGroup;
			children = (
				84F6BE311F5D651C00A3C791 /* MyInfoTableViewCell.h */,
				84F6BE321F5D651C00A3C791 /* MyInfoTableViewCell.m */,
				84F699341F5E5D9F00ABD169 /* ConvergenceTableViewCell.h */,
				84F699351F5E5D9F00ABD169 /* ConvergenceTableViewCell.m */,
				84F6993A1F5EB9FE00ABD169 /* ConTableViewCell.h */,
				84F6993B1F5EB9FE00ABD169 /* ConTableViewCell.m */,
				840F6D051F5F9DD000138EF6 /* FoundCollectionViewCell.h */,
				840F6D061F5F9DD000138EF6 /* FoundCollectionViewCell.m */,
				84A77A3A1F6015B3007067AC /* StetingTableViewCell.h */,
				84A77A3B1F6015B3007067AC /* StetingTableViewCell.m */,
				84D044C91F62812C009428F4 /* MyOrderTableViewCell.h */,
				84D044CA1F62812C009428F4 /* MyOrderTableViewCell.m */,
			);
			name = MyInfo;
			sourceTree = "<group>";
		};
		B29FE1521F5D2EA10085C03E /* Controller */ = {
			isa = PBXGroup;
			children = (
				84A77A361F6014E8007067AC /* Setting */,
				84A77A281F5FFBEB007067AC /* Left */,
				84A77A211F5FF921007067AC /* Sign */,
				840F6CFE1F5F9C8B00138EF6 /* FoundViewController 发现 */,
				84F699301F5E5C3E00ABD169 /* convergenceViewController 首页 */,
				B29FE1561F5D2EA10085C03E /* MyInfoViewControll */,
			);
			path = Controller;
			sourceTree = "<group>";
		};
		B29FE1561F5D2EA10085C03E /* MyInfoViewControll */ = {
			isa = PBXGroup;
			children = (
				84A77A181F5FF7DE007067AC /* MyInfoViewController.h */,
				84A77A191F5FF7DE007067AC /* MyInfoViewController.m */,
				84B215531F6153D1001A79AB /* MyOrderViewController.h */,
				84B215541F6153D1001A79AB /* MyOrderViewController.m */,
				84B215561F6153F1001A79AB /* PromoteViewController.h */,
				84B215571F6153F1001A79AB /* PromoteViewController.m */,
				84B215591F615410001A79AB /* FeedbackViewController.h */,
				84B2155A1F615410001A79AB /* FeedbackViewController.m */,
				84B2155C1F615427001A79AB /* AboutViewController.h */,
				84B2155D1F615427001A79AB /* AboutViewController.m */,
			);
			name = MyInfoViewControll;
			path = My;
			sourceTree = "<group>";
		};
		B29FE1591F5D2F0C0085C03E /* View */ = {
			isa = PBXGroup;
			children = (
				84F6BE301F5D64B900A3C791 /* MyInfo */,
				B29FE1701F5D32700085C03E /* Main.storyboard */,
				848D3F531F5525310043C9BD /* LaunchScreen.storyboard */,
				848D3F511F5525310043C9BD /* Assets.xcassets */,
				84F6BE2E1F5D610F00A3C791 /* MyLogin.storyboard */,
				84F6BE391F5D734D00A3C791 /* setUp.storyboard */,
				84A77A2C1F6003CD007067AC /* Detail.storyboard */,
				84A77A341F600EA2007067AC /* Vouchers.storyboard */,
				84B2154B1F615037001A79AB /* MyOrder.storyboard */,
				84B2154D1F61506D001A79AB /* Promote.storyboard */,
				84B2154F1F6150A6001A79AB /* Feedback.storyboard */,
				84B215511F6150DA001A79AB /* About.storyboard */,
			);
			path = View;
			sourceTree = "<group>";
		};
		D11BCE11CA0144D969236C49 /* Frameworks */ = {
			isa = PBXGroup;
			children = (
				84B216091F615A92001A79AB /* CoreMedia.framework */,
				84B216071F615A83001A79AB /* CoreVideo.framework */,
				84B216051F615A51001A79AB /* QuartzCore.framework */,
				84B216031F615A41001A79AB /* CoreImage.framework */,
				84B216011F615A34001A79AB /* AVFoundation.framework */,
				84B215FF1F615A23001A79AB /* libiconv.tbd */,
				848D3FD31F5527FF0043C9BD /* libz.tbd */,
				848D3FD11F5527F60043C9BD /* CoreMotion.framework */,
				848D3FCF1F5527EC0043C9BD /* CoreTelephony.framework */,
				848D3FC51F5527E00043C9BD /* AlipaySDK.bundle */,
				848D3FC61F5527E00043C9BD /* AlipaySDK.framework */,
				848D3FC71F5527E00043C9BD /* libcrypto.a */,
				848D3FC81F5527E00043C9BD /* libssl.a */,
				848D3FC91F5527E00043C9BD /* Openssl.framework */,
				C7740094EEF81EB7CAA81CAC /* libPods-convergence.a */,
			);
			name = Frameworks;
			sourceTree = "<group>";
		};
		D8F096AE011368BF248B578C /* Pods */ = {
			isa = PBXGroup;
			children = (
				440BE0004877292B44AB639C /* Pods-convergence.debug.xcconfig */,
				F2CDCBA564569A3F130335B3 /* Pods-convergence.release.xcconfig */,
			);
			name = Pods;
			sourceTree = "<group>";
		};
/* End PBXGroup section */

/* Begin PBXNativeTarget section */
		848D3F3E1F5525310043C9BD /* convergence */ = {
			isa = PBXNativeTarget;
			buildConfigurationList = 848D3F6F1F5525310043C9BD /* Build configuration list for PBXNativeTarget "convergence" */;
			buildPhases = (
				2A3717E5B0185C71A3C7D6A4 /* [CP] Check Pods Manifest.lock */,
				848D3F3B1F5525310043C9BD /* Sources */,
				848D3F3C1F5525310043C9BD /* Frameworks */,
				848D3F3D1F5525310043C9BD /* Resources */,
				E52476440662C8DD2D774CF0 /* [CP] Embed Pods Frameworks */,
				32D8824BE20AB4810AAC2DEC /* [CP] Copy Pods Resources */,
			);
			buildRules = (
			);
			dependencies = (
			);
			name = convergence;
			productName = convergence;
			productReference = 848D3F3F1F5525310043C9BD /* convergence.app */;
			productType = "com.apple.product-type.application";
		};
		848D3F5A1F5525310043C9BD /* convergenceTests */ = {
			isa = PBXNativeTarget;
			buildConfigurationList = 848D3F721F5525310043C9BD /* Build configuration list for PBXNativeTarget "convergenceTests" */;
			buildPhases = (
				848D3F571F5525310043C9BD /* Sources */,
				848D3F581F5525310043C9BD /* Frameworks */,
				848D3F591F5525310043C9BD /* Resources */,
			);
			buildRules = (
			);
			dependencies = (
				848D3F5D1F5525310043C9BD /* PBXTargetDependency */,
			);
			name = convergenceTests;
			productName = convergenceTests;
			productReference = 848D3F5B1F5525310043C9BD /* convergenceTests.xctest */;
			productType = "com.apple.product-type.bundle.unit-test";
		};
		848D3F651F5525310043C9BD /* convergenceUITests */ = {
			isa = PBXNativeTarget;
			buildConfigurationList = 848D3F751F5525310043C9BD /* Build configuration list for PBXNativeTarget "convergenceUITests" */;
			buildPhases = (
				848D3F621F5525310043C9BD /* Sources */,
				848D3F631F5525310043C9BD /* Frameworks */,
				848D3F641F5525310043C9BD /* Resources */,
			);
			buildRules = (
			);
			dependencies = (
				848D3F681F5525310043C9BD /* PBXTargetDependency */,
			);
			name = convergenceUITests;
			productName = convergenceUITests;
			productReference = 848D3F661F5525310043C9BD /* convergenceUITests.xctest */;
			productType = "com.apple.product-type.bundle.ui-testing";
		};
/* End PBXNativeTarget section */

/* Begin PBXProject section */
		848D3F371F5525310043C9BD /* Project object */ = {
			isa = PBXProject;
			attributes = {
				LastUpgradeCheck = 0830;
				ORGANIZATIONNAME = adminadmineducation;
				TargetAttributes = {
					848D3F3E1F5525310043C9BD = {
						CreatedOnToolsVersion = 8.3.3;
						ProvisioningStyle = Automatic;
					};
					848D3F5A1F5525310043C9BD = {
						CreatedOnToolsVersion = 8.3.3;
						ProvisioningStyle = Automatic;
						TestTargetID = 848D3F3E1F5525310043C9BD;
					};
					848D3F651F5525310043C9BD = {
						CreatedOnToolsVersion = 8.3.3;
						ProvisioningStyle = Automatic;
						TestTargetID = 848D3F3E1F5525310043C9BD;
					};
				};
			};
			buildConfigurationList = 848D3F3A1F5525310043C9BD /* Build configuration list for PBXProject "convergence" */;
			compatibilityVersion = "Xcode 3.2";
			developmentRegion = English;
			hasScannedForEncodings = 0;
			knownRegions = (
				en,
				Base,
			);
			mainGroup = 848D3F361F5525310043C9BD;
			productRefGroup = 848D3F401F5525310043C9BD /* Products */;
			projectDirPath = "";
			projectRoot = "";
			targets = (
				848D3F3E1F5525310043C9BD /* convergence */,
				848D3F5A1F5525310043C9BD /* convergenceTests */,
				848D3F651F5525310043C9BD /* convergenceUITests */,
			);
		};
/* End PBXProject section */

/* Begin PBXResourcesBuildPhase section */
		848D3F3D1F5525310043C9BD /* Resources */ = {
			isa = PBXResourcesBuildPhase;
			buildActionMask = 2147483647;
			files = (
				84F6BE2F1F5D610F00A3C791 /* MyLogin.storyboard in Resources */,
				84B2154E1F61506D001A79AB /* Promote.storyboard in Resources */,
				84F6BE3A1F5D734D00A3C791 /* setUp.storyboard in Resources */,
				848D3F551F5525310043C9BD /* LaunchScreen.storyboard in Resources */,
				84B2154C1F615037001A79AB /* MyOrder.storyboard in Resources */,
				848D3F521F5525310043C9BD /* Assets.xcassets in Resources */,
				B29FE1711F5D32700085C03E /* Main.storyboard in Resources */,
				84B215501F6150A6001A79AB /* Feedback.storyboard in Resources */,
				84A77A2D1F6003CD007067AC /* Detail.storyboard in Resources */,
				84A77A351F600EA2007067AC /* Vouchers.storyboard in Resources */,
				84B215521F6150DA001A79AB /* About.storyboard in Resources */,
			);
			runOnlyForDeploymentPostprocessing = 0;
		};
		848D3F591F5525310043C9BD /* Resources */ = {
			isa = PBXResourcesBuildPhase;
			buildActionMask = 2147483647;
			files = (
			);
			runOnlyForDeploymentPostprocessing = 0;
		};
		848D3F641F5525310043C9BD /* Resources */ = {
			isa = PBXResourcesBuildPhase;
			buildActionMask = 2147483647;
			files = (
			);
			runOnlyForDeploymentPostprocessing = 0;
		};
/* End PBXResourcesBuildPhase section */

/* Begin PBXShellScriptBuildPhase section */
		2A3717E5B0185C71A3C7D6A4 /* [CP] Check Pods Manifest.lock */ = {
			isa = PBXShellScriptBuildPhase;
			buildActionMask = 2147483647;
			files = (
			);
			inputPaths = (
				"${PODS_PODFILE_DIR_PATH}/Podfile.lock",
				"${PODS_ROOT}/Manifest.lock",
			);
			name = "[CP] Check Pods Manifest.lock";
			outputPaths = (
				"$(DERIVED_FILE_DIR)/Pods-convergence-checkManifestLockResult.txt",
			);
			runOnlyForDeploymentPostprocessing = 0;
			shellPath = /bin/sh;
			shellScript = "diff \"${PODS_PODFILE_DIR_PATH}/Podfile.lock\" \"${PODS_ROOT}/Manifest.lock\" > /dev/null\nif [ $? != 0 ] ; then\n    # print error to STDERR\n    echo \"error: The sandbox is not in sync with the Podfile.lock. Run 'pod install' or update your CocoaPods installation.\" >&2\n    exit 1\nfi\n# This output is used by Xcode 'outputs' to avoid re-running this script phase.\necho \"SUCCESS\" > \"${SCRIPT_OUTPUT_FILE_0}\"\n";
			showEnvVarsInLog = 0;
		};
		32D8824BE20AB4810AAC2DEC /* [CP] Copy Pods Resources */ = {
			isa = PBXShellScriptBuildPhase;
			buildActionMask = 2147483647;
			files = (
			);
			inputPaths = (
			);
			name = "[CP] Copy Pods Resources";
			outputPaths = (
			);
			runOnlyForDeploymentPostprocessing = 0;
			shellPath = /bin/sh;
			shellScript = "\"${SRCROOT}/Pods/Target Support Files/Pods-convergence/Pods-convergence-resources.sh\"\n";
			showEnvVarsInLog = 0;
		};
		E52476440662C8DD2D774CF0 /* [CP] Embed Pods Frameworks */ = {
			isa = PBXShellScriptBuildPhase;
			buildActionMask = 2147483647;
			files = (
			);
			inputPaths = (
			);
			name = "[CP] Embed Pods Frameworks";
			outputPaths = (
			);
			runOnlyForDeploymentPostprocessing = 0;
			shellPath = /bin/sh;
			shellScript = "\"${SRCROOT}/Pods/Target Support Files/Pods-convergence/Pods-convergence-frameworks.sh\"\n";
			showEnvVarsInLog = 0;
		};
/* End PBXShellScriptBuildPhase section */

/* Begin PBXSourcesBuildPhase section */
		848D3F3B1F5525310043C9BD /* Sources */ = {
			isa = PBXSourcesBuildPhase;
			buildActionMask = 2147483647;
			files = (
				84A77A261F5FF99B007067AC /* SignInViewController.m in Sources */,
				84B216471F61706D001A79AB /* bitstream.m in Sources */,
				84A77A331F600B20007067AC /* VouchersViewController.m in Sources */,
				84D044CE1F62C501009428F4 /* orderModel.m in Sources */,
				848D3FBC1F5526DF0043C9BD /* NSData+Base64.m in Sources */,
				84A77A3C1F6015B3007067AC /* StetingTableViewCell.m in Sources */,
				84B215551F6153D1001A79AB /* MyOrderViewController.m in Sources */,
				84B2164D1F61706D001A79AB /* split.m in Sources */,
				848D3FB11F5526DF0043C9BD /* base64.m in Sources */,
				84A77A1A1F5FF7DE007067AC /* MyInfoViewController.m in Sources */,
				84AB11841F6121E00089C83B /* VouchersModel.m in Sources */,
				848D3FBF1F5526DF0043C9BD /* NSString+Crypt.m in Sources */,
				84B216371F616FE7001A79AB /* UIImage+MDQRCode.m in Sources */,
				84F699391F5E5DE600ABD169 /* ConvergenceModel.m in Sources */,
				848D3F821F5526DA0043C9BD /* Order.m in Sources */,
				84B2164B1F61706D001A79AB /* qrspec.m in Sources */,
				848D3FB91F5526DF0043C9BD /* AppAPIClient.m in Sources */,
				848D3FB41F5526DF0043C9BD /* MD5DataSigner.m in Sources */,
				84A77A301F600747007067AC /* DetailViewController.m in Sources */,
				848D3F7C1F5526C90043C9BD /* BasicEncodingRules.m in Sources */,
				848D3FB51F5526DF0043C9BD /* NSDataEx.m in Sources */,
				84F699361F5E5D9F00ABD169 /* ConvergenceTableViewCell.m in Sources */,
				84B2155B1F615410001A79AB /* FeedbackViewController.m in Sources */,
				84A77A2B1F5FFC35007067AC /* LeftViewController.m in Sources */,
				84F6BE331F5D651C00A3C791 /* MyInfoTableViewCell.m in Sources */,
				84B215581F6153F1001A79AB /* PromoteViewController.m in Sources */,
				848D3FB01F5526DF0043C9BD /* GBAlipayManager.m in Sources */,
				84B216481F61706D001A79AB /* mask.m in Sources */,
				84B2155E1F615427001A79AB /* AboutViewController.m in Sources */,
				848D3FC11F5526DF0043C9BD /* StorageMgr.m in Sources */,
				840F6D071F5F9DD000138EF6 /* FoundCollectionViewCell.m in Sources */,
				84D044CB1F62812C009428F4 /* MyOrderTableViewCell.m in Sources */,
				848D3FC01F5526DF0043C9BD /* RequestAPI.m in Sources */,
				84B2164A1F61706D001A79AB /* qrinput.m in Sources */,
				848D3FB31F5526DF0043C9BD /* DataVerifier.m in Sources */,
				8470007E1F5E3C26004350C9 /* UserModel.m in Sources */,
				848D3FBE1F5526DF0043C9BD /* NSDateFormatter+Category.m in Sources */,
				84B216491F61706D001A79AB /* qrencode.m in Sources */,
				84D044C81F62711D009428F4 /* ModifyViewController.m in Sources */,
				848D3FBB1F5526DF0043C9BD /* JSONS.m in Sources */,
				848D3F471F5525310043C9BD /* AppDelegate.m in Sources */,
				848D3FB21F5526DF0043C9BD /* DataSigner.m in Sources */,
				848D3FB81F5526DF0043C9BD /* RSADataVerifier.m in Sources */,
				84A77A201F5FF7EE007067AC /* FoundViewController.m in Sources */,
				84F6993C1F5EB9FE00ABD169 /* ConTableViewCell.m in Sources */,
				84B2164C1F61706D001A79AB /* rscode.m in Sources */,
				84A77A271F5FF99B007067AC /* SignUpViewController.m in Sources */,
				848D3FBA1F5526DF0043C9BD /* ErrorHandler.m in Sources */,
				848D3F441F5525310043C9BD /* main.m in Sources */,
				848D3FB61F5526DF0043C9BD /* openssl_wrapper.m in Sources */,
				848D3FBD1F5526DF0043C9BD /* NSDate+Utility.m in Sources */,
				84DEBA281F5FEC79005F006F /* FoundModel.m in Sources */,
				848D3FB71F5526DF0043C9BD /* RSADataSigner.m in Sources */,
				848D3FC31F5526DF0043C9BD /* Utilities.m in Sources */,
				848D3F501F5525310043C9BD /* convergence.xcdatamodeld in Sources */,
				84A77A1D1F5FF7E5007067AC /* ConvergenceViewController.m in Sources */,
				84A77A391F6014FD007067AC /* SettingViewController.m in Sources */,
			);
			runOnlyForDeploymentPostprocessing = 0;
		};
		848D3F571F5525310043C9BD /* Sources */ = {
			isa = PBXSourcesBuildPhase;
			buildActionMask = 2147483647;
			files = (
				848D3F601F5525310043C9BD /* convergenceTests.m in Sources */,
			);
			runOnlyForDeploymentPostprocessing = 0;
		};
		848D3F621F5525310043C9BD /* Sources */ = {
			isa = PBXSourcesBuildPhase;
			buildActionMask = 2147483647;
			files = (
				848D3F6B1F5525310043C9BD /* convergenceUITests.m in Sources */,
			);
			runOnlyForDeploymentPostprocessing = 0;
		};
/* End PBXSourcesBuildPhase section */

/* Begin PBXTargetDependency section */
		848D3F5D1F5525310043C9BD /* PBXTargetDependency */ = {
			isa = PBXTargetDependency;
			target = 848D3F3E1F5525310043C9BD /* convergence */;
			targetProxy = 848D3F5C1F5525310043C9BD /* PBXContainerItemProxy */;
		};
		848D3F681F5525310043C9BD /* PBXTargetDependency */ = {
			isa = PBXTargetDependency;
			target = 848D3F3E1F5525310043C9BD /* convergence */;
			targetProxy = 848D3F671F5525310043C9BD /* PBXContainerItemProxy */;
		};
/* End PBXTargetDependency section */

/* Begin PBXVariantGroup section */
		848D3F531F5525310043C9BD /* LaunchScreen.storyboard */ = {
			isa = PBXVariantGroup;
			children = (
				848D3F541F5525310043C9BD /* Base */,
			);
			name = LaunchScreen.storyboard;
			path = ..;
			sourceTree = "<group>";
		};
/* End PBXVariantGroup section */

/* Begin XCBuildConfiguration section */
		848D3F6D1F5525310043C9BD /* Debug */ = {
			isa = XCBuildConfiguration;
			buildSettings = {
				ALWAYS_SEARCH_USER_PATHS = NO;
				CLANG_ANALYZER_NONNULL = YES;
				CLANG_ANALYZER_NUMBER_OBJECT_CONVERSION = YES_AGGRESSIVE;
				CLANG_CXX_LANGUAGE_STANDARD = "gnu++0x";
				CLANG_CXX_LIBRARY = "libc++";
				CLANG_ENABLE_MODULES = YES;
				CLANG_ENABLE_OBJC_ARC = YES;
				CLANG_WARN_BOOL_CONVERSION = YES;
				CLANG_WARN_CONSTANT_CONVERSION = YES;
				CLANG_WARN_DIRECT_OBJC_ISA_USAGE = YES_ERROR;
				CLANG_WARN_DOCUMENTATION_COMMENTS = YES;
				CLANG_WARN_EMPTY_BODY = YES;
				CLANG_WARN_ENUM_CONVERSION = YES;
				CLANG_WARN_INFINITE_RECURSION = YES;
				CLANG_WARN_INT_CONVERSION = YES;
				CLANG_WARN_OBJC_ROOT_CLASS = YES_ERROR;
				CLANG_WARN_SUSPICIOUS_MOVE = YES;
				CLANG_WARN_UNREACHABLE_CODE = YES;
				CLANG_WARN__DUPLICATE_METHOD_MATCH = YES;
				"CODE_SIGN_IDENTITY[sdk=iphoneos*]" = "iPhone Developer";
				COPY_PHASE_STRIP = NO;
				DEBUG_INFORMATION_FORMAT = dwarf;
				ENABLE_STRICT_OBJC_MSGSEND = YES;
				ENABLE_TESTABILITY = YES;
				GCC_C_LANGUAGE_STANDARD = gnu99;
				GCC_DYNAMIC_NO_PIC = NO;
				GCC_NO_COMMON_BLOCKS = YES;
				GCC_OPTIMIZATION_LEVEL = 0;
				GCC_PREPROCESSOR_DEFINITIONS = (
					"DEBUG=1",
					"$(inherited)",
				);
				GCC_WARN_64_TO_32_BIT_CONVERSION = YES;
				GCC_WARN_ABOUT_RETURN_TYPE = YES_ERROR;
				GCC_WARN_UNDECLARED_SELECTOR = YES;
				GCC_WARN_UNINITIALIZED_AUTOS = YES_AGGRESSIVE;
				GCC_WARN_UNUSED_FUNCTION = YES;
				GCC_WARN_UNUSED_VARIABLE = YES;
				IPHONEOS_DEPLOYMENT_TARGET = 10.3;
				MTL_ENABLE_DEBUG_INFO = YES;
				ONLY_ACTIVE_ARCH = YES;
				SDKROOT = iphoneos;
			};
			name = Debug;
		};
		848D3F6E1F5525310043C9BD /* Release */ = {
			isa = XCBuildConfiguration;
			buildSettings = {
				ALWAYS_SEARCH_USER_PATHS = NO;
				CLANG_ANALYZER_NONNULL = YES;
				CLANG_ANALYZER_NUMBER_OBJECT_CONVERSION = YES_AGGRESSIVE;
				CLANG_CXX_LANGUAGE_STANDARD = "gnu++0x";
				CLANG_CXX_LIBRARY = "libc++";
				CLANG_ENABLE_MODULES = YES;
				CLANG_ENABLE_OBJC_ARC = YES;
				CLANG_WARN_BOOL_CONVERSION = YES;
				CLANG_WARN_CONSTANT_CONVERSION = YES;
				CLANG_WARN_DIRECT_OBJC_ISA_USAGE = YES_ERROR;
				CLANG_WARN_DOCUMENTATION_COMMENTS = YES;
				CLANG_WARN_EMPTY_BODY = YES;
				CLANG_WARN_ENUM_CONVERSION = YES;
				CLANG_WARN_INFINITE_RECURSION = YES;
				CLANG_WARN_INT_CONVERSION = YES;
				CLANG_WARN_OBJC_ROOT_CLASS = YES_ERROR;
				CLANG_WARN_SUSPICIOUS_MOVE = YES;
				CLANG_WARN_UNREACHABLE_CODE = YES;
				CLANG_WARN__DUPLICATE_METHOD_MATCH = YES;
				"CODE_SIGN_IDENTITY[sdk=iphoneos*]" = "iPhone Developer";
				COPY_PHASE_STRIP = NO;
				DEBUG_INFORMATION_FORMAT = "dwarf-with-dsym";
				ENABLE_NS_ASSERTIONS = NO;
				ENABLE_STRICT_OBJC_MSGSEND = YES;
				GCC_C_LANGUAGE_STANDARD = gnu99;
				GCC_NO_COMMON_BLOCKS = YES;
				GCC_WARN_64_TO_32_BIT_CONVERSION = YES;
				GCC_WARN_ABOUT_RETURN_TYPE = YES_ERROR;
				GCC_WARN_UNDECLARED_SELECTOR = YES;
				GCC_WARN_UNINITIALIZED_AUTOS = YES_AGGRESSIVE;
				GCC_WARN_UNUSED_FUNCTION = YES;
				GCC_WARN_UNUSED_VARIABLE = YES;
				IPHONEOS_DEPLOYMENT_TARGET = 10.3;
				MTL_ENABLE_DEBUG_INFO = NO;
				SDKROOT = iphoneos;
				VALIDATE_PRODUCT = YES;
			};
			name = Release;
		};
		848D3F701F5525310043C9BD /* Debug */ = {
			isa = XCBuildConfiguration;
			baseConfigurationReference = 440BE0004877292B44AB639C /* Pods-convergence.debug.xcconfig */;
			buildSettings = {
				ASSETCATALOG_COMPILER_APPICON_NAME = AppIcon;
				FRAMEWORK_SEARCH_PATHS = (
					"$(inherited)",
					"$(PROJECT_DIR)/convergence",
				);
				GCC_PRECOMPILE_PREFIX_HEADER = YES;
				GCC_PREFIX_HEADER = convergence/PrefixHeader.pch;
				INFOPLIST_FILE = convergence/Info.plist;
				LD_RUNPATH_SEARCH_PATHS = "$(inherited) @executable_path/Frameworks";
				LIBRARY_SEARCH_PATHS = (
					"$(inherited)",
					"$(PROJECT_DIR)/convergence",
				);
				PRODUCT_BUNDLE_IDENTIFIER = self.office.convergence;
				PRODUCT_NAME = "$(TARGET_NAME)";
				TARGETED_DEVICE_FAMILY = 1;
			};
			name = Debug;
		};
		848D3F711F5525310043C9BD /* Release */ = {
			isa = XCBuildConfiguration;
			baseConfigurationReference = F2CDCBA564569A3F130335B3 /* Pods-convergence.release.xcconfig */;
			buildSettings = {
				ASSETCATALOG_COMPILER_APPICON_NAME = AppIcon;
				FRAMEWORK_SEARCH_PATHS = (
					"$(inherited)",
					"$(PROJECT_DIR)/convergence",
				);
				GCC_PRECOMPILE_PREFIX_HEADER = YES;
				GCC_PREFIX_HEADER = convergence/PrefixHeader.pch;
				INFOPLIST_FILE = convergence/Info.plist;
				LD_RUNPATH_SEARCH_PATHS = "$(inherited) @executable_path/Frameworks";
				LIBRARY_SEARCH_PATHS = (
					"$(inherited)",
					"$(PROJECT_DIR)/convergence",
				);
				PRODUCT_BUNDLE_IDENTIFIER = self.office.convergence;
				PRODUCT_NAME = "$(TARGET_NAME)";
				TARGETED_DEVICE_FAMILY = 1;
			};
			name = Release;
		};
		848D3F731F5525310043C9BD /* Debug */ = {
			isa = XCBuildConfiguration;
			buildSettings = {
				BUNDLE_LOADER = "$(TEST_HOST)";
				INFOPLIST_FILE = convergenceTests/Info.plist;
				LD_RUNPATH_SEARCH_PATHS = "$(inherited) @executable_path/Frameworks @loader_path/Frameworks";
				PRODUCT_BUNDLE_IDENTIFIER = "E-----self.edu.convergenceTests";
				PRODUCT_NAME = "$(TARGET_NAME)";
				TEST_HOST = "$(BUILT_PRODUCTS_DIR)/convergence.app/convergence";
			};
			name = Debug;
		};
		848D3F741F5525310043C9BD /* Release */ = {
			isa = XCBuildConfiguration;
			buildSettings = {
				BUNDLE_LOADER = "$(TEST_HOST)";
				INFOPLIST_FILE = convergenceTests/Info.plist;
				LD_RUNPATH_SEARCH_PATHS = "$(inherited) @executable_path/Frameworks @loader_path/Frameworks";
				PRODUCT_BUNDLE_IDENTIFIER = "E-----self.edu.convergenceTests";
				PRODUCT_NAME = "$(TARGET_NAME)";
				TEST_HOST = "$(BUILT_PRODUCTS_DIR)/convergence.app/convergence";
			};
			name = Release;
		};
		848D3F761F5525310043C9BD /* Debug */ = {
			isa = XCBuildConfiguration;
			buildSettings = {
				INFOPLIST_FILE = convergenceUITests/Info.plist;
				LD_RUNPATH_SEARCH_PATHS = "$(inherited) @executable_path/Frameworks @loader_path/Frameworks";
				PRODUCT_BUNDLE_IDENTIFIER = "E-----self.edu.convergenceUITests";
				PRODUCT_NAME = "$(TARGET_NAME)";
				TEST_TARGET_NAME = convergence;
			};
			name = Debug;
		};
		848D3F771F5525310043C9BD /* Release */ = {
			isa = XCBuildConfiguration;
			buildSettings = {
				INFOPLIST_FILE = convergenceUITests/Info.plist;
				LD_RUNPATH_SEARCH_PATHS = "$(inherited) @executable_path/Frameworks @loader_path/Frameworks";
				PRODUCT_BUNDLE_IDENTIFIER = "E-----self.edu.convergenceUITests";
				PRODUCT_NAME = "$(TARGET_NAME)";
				TEST_TARGET_NAME = convergence;
			};
			name = Release;
		};
/* End XCBuildConfiguration section */

/* Begin XCConfigurationList section */
		848D3F3A1F5525310043C9BD /* Build configuration list for PBXProject "convergence" */ = {
			isa = XCConfigurationList;
			buildConfigurations = (
				848D3F6D1F5525310043C9BD /* Debug */,
				848D3F6E1F5525310043C9BD /* Release */,
			);
			defaultConfigurationIsVisible = 0;
			defaultConfigurationName = Release;
		};
		848D3F6F1F5525310043C9BD /* Build configuration list for PBXNativeTarget "convergence" */ = {
			isa = XCConfigurationList;
			buildConfigurations = (
				848D3F701F5525310043C9BD /* Debug */,
				848D3F711F5525310043C9BD /* Release */,
			);
			defaultConfigurationIsVisible = 0;
			defaultConfigurationName = Release;
		};
		848D3F721F5525310043C9BD /* Build configuration list for PBXNativeTarget "convergenceTests" */ = {
			isa = XCConfigurationList;
			buildConfigurations = (
				848D3F731F5525310043C9BD /* Debug */,
				848D3F741F5525310043C9BD /* Release */,
			);
			defaultConfigurationIsVisible = 0;
			defaultConfigurationName = Release;
		};
		848D3F751F5525310043C9BD /* Build configuration list for PBXNativeTarget "convergenceUITests" */ = {
			isa = XCConfigurationList;
			buildConfigurations = (
				848D3F761F5525310043C9BD /* Debug */,
				848D3F771F5525310043C9BD /* Release */,
			);
			defaultConfigurationIsVisible = 0;
			defaultConfigurationName = Release;
		};
/* End XCConfigurationList section */

/* Begin XCVersionGroup section */
		848D3F4E1F5525310043C9BD /* convergence.xcdatamodeld */ = {
			isa = XCVersionGroup;
			children = (
				848D3F4F1F5525310043C9BD /* convergence.xcdatamodel */,
			);
			currentVersion = 848D3F4F1F5525310043C9BD /* convergence.xcdatamodel */;
			name = convergence.xcdatamodeld;
			path = ../convergence.xcdatamodeld;
			sourceTree = "<group>";
			versionGroupType = wrapper.xcdatamodel;
		};
/* End XCVersionGroup section */
	};
	rootObject = 848D3F371F5525310043C9BD /* Project object */;
}
